
Microsoft Visual Studio Solution File, Format Version 12.00
# Visual Studio Version 16
VisualStudioVersion = 16.0.29326.143
MinimumVisualStudioVersion = 10.0.40219.1
Project("{2150E333-8FDC-42A3-9474-1A3956D46DE8}") = "_", "_", "{60A2F5B2-0B22-4992-8A56-7CF84EBF1DDD}"
	ProjectSection(SolutionItems) = preProject
		.gitattributes = .gitattributes
		.gitignore = .gitignore
		mason.properties = mason.properties
		src\Mason.Targets.ConsolidateDependencies.targets = src\Mason.Targets.ConsolidateDependencies.targets
	EndProjectSection
EndProject
Project("{2150E333-8FDC-42A3-9474-1A3956D46DE8}") = "foundation", "foundation", "{849A370D-FCB3-4897-B004-1FC6C2F1E7EB}"
EndProject
Project("{2150E333-8FDC-42A3-9474-1A3956D46DE8}") = "packager", "packager", "{1D8DD905-02D0-4DD2-9522-ED493816E6BB}"
EndProject
Project("{2150E333-8FDC-42A3-9474-1A3956D46DE8}") = "main", "main", "{45F34329-B230-4000-B262-C473D125C89D}"
EndProject
Project("{2150E333-8FDC-42A3-9474-1A3956D46DE8}") = "targets", "targets", "{0EEE6E64-5AED-489C-9799-C92841CF4964}"
EndProject
Project("{9A19103F-16F7-4668-BE54-9A1E7A4F7556}") = "Mason.Packager", "src\packager\main\src\Mason.Packager.csproj", "{6522BABD-3C5E-4204-BAE2-5CBEE501CE44}"
EndProject
Project("{FAE04EC0-301F-11D3-BF4B-00C04F79EFBC}") = "Mason.Targets.Packager", "src\packager\main\targets\Mason.Targets.Packager.csproj", "{E94B0F08-1292-4CD4-8573-623F1B690A1F}"
EndProject
Project("{2150E333-8FDC-42A3-9474-1A3956D46DE8}") = "preprocessor", "preprocessor", "{4A92CABE-A2B4-46D7-9FB6-A8BB0D4C86FB}"
EndProject
Project("{2150E333-8FDC-42A3-9474-1A3956D46DE8}") = "verman", "verman", "{CB2F6E6F-8100-4A46-B769-201A7782606C}"
EndProject
Project("{2150E333-8FDC-42A3-9474-1A3956D46DE8}") = "targets", "targets", "{E0B20CA4-2A42-47DA-A3D0-800F675D5D74}"
EndProject
Project("{2150E333-8FDC-42A3-9474-1A3956D46DE8}") = "targets", "targets", "{F9D99581-A5E9-4A2A-AEF1-2AAFFB9B35FC}"
EndProject
Project("{2150E333-8FDC-42A3-9474-1A3956D46DE8}") = "main", "main", "{E1496F42-AC61-4371-AABF-B92BC6355A4C}"
EndProject
Project("{2150E333-8FDC-42A3-9474-1A3956D46DE8}") = "main", "main", "{CDD79E32-D89C-4969-AED7-AD2702FB1CE3}"
EndProject
Project("{FAE04EC0-301F-11D3-BF4B-00C04F79EFBC}") = "Mason.Preprocessor", "src\preprocessor\main\Mason.Preprocessor.csproj", "{CA4B4216-2BC7-4469-BD26-B7466E172DB7}"
EndProject
Project("{FAE04EC0-301F-11D3-BF4B-00C04F79EFBC}") = "Mason.Targets.Preprocessor", "src\preprocessor\targets\Mason.Targets.Preprocessor.csproj", "{D5EEB9FF-631E-4715-9488-F794B10D0AAE}"
EndProject
Project("{2150E333-8FDC-42A3-9474-1A3956D46DE8}") = "main", "main", "{3BC4B468-8DE3-4B90-AF15-AD072C5A28D1}"
EndProject
Project("{FAE04EC0-301F-11D3-BF4B-00C04F79EFBC}") = "Mason.VersionManager", "src\verman\main\Mason.VersionManager.csproj", "{DB891C9B-9109-42FF-9F8C-F1AEE9AC5EBB}"
EndProject
Project("{FAE04EC0-301F-11D3-BF4B-00C04F79EFBC}") = "Mason.Targets.Verman", "src\verman\targets\Mason.Targets.Verman.csproj", "{BA832B3C-F31F-496B-ACF9-6994CC884021}"
EndProject
Project("{6EC3EE1D-3C4E-46DD-8F32-0CC8E7565705}") = "Mason.Foundation", "src\foundation\main\src\Mason.Foundation.fsproj", "{F46BE8DE-7918-48AF-B19F-4D33A4FD6D79}"
EndProject
Project("{F2A71F9B-5D33-465A-A702-920D77279786}") = "mason", "src\app\main\mason.fsproj", "{7A94252C-7FC4-465D-92FA-1282BF322E15}"
EndProject
Project("{2150E333-8FDC-42A3-9474-1A3956D46DE8}") = "app", "app", "{D8C43E57-8FB0-4808-86F4-FAFD7E561E10}"
EndProject
Project("{2150E333-8FDC-42A3-9474-1A3956D46DE8}") = "main", "main", "{DC71E06A-F46E-4005-8C67-145D6D412A84}"
EndProject
Project("{2150E333-8FDC-42A3-9474-1A3956D46DE8}") = "targets", "targets", "{FE81E1E2-7E7F-46F5-B841-8A5CEA07DFF3}"
EndProject
Project("{FAE04EC0-301F-11D3-BF4B-00C04F79EFBC}") = "Mason.Targets.Common", "src\foundation\targets\Mason.Targets.Common.csproj", "{2B96C6AA-30DE-4FA6-A3A2-D359667FE476}"
EndProject
Project("{F2A71F9B-5D33-465A-A702-920D77279786}") = "Mason.TemplateEngine", "src\template-engine\main\Mason.TemplateEngine.fsproj", "{FA91189A-71C7-4DA3-B653-DB4668E6908B}"
EndProject
Project("{9A19103F-16F7-4668-BE54-9A1E7A4F7556}") = "Mason", "codebase\core\main\src\Mason.csproj", "{294FF838-6826-4E05-AB49-A9D0A9FD57A4}"
EndProject
Global
	GlobalSection(SolutionConfigurationPlatforms) = preSolution
		Debug|Any CPU = Debug|Any CPU
		Debug|x86 = Debug|x86
		Release|Any CPU = Release|Any CPU
		Release|x86 = Release|x86
	EndGlobalSection
	GlobalSection(ProjectConfigurationPlatforms) = postSolution
		{6522BABD-3C5E-4204-BAE2-5CBEE501CE44}.Debug|Any CPU.ActiveCfg = Debug|Any CPU
		{6522BABD-3C5E-4204-BAE2-5CBEE501CE44}.Debug|Any CPU.Build.0 = Debug|Any CPU
		{6522BABD-3C5E-4204-BAE2-5CBEE501CE44}.Debug|x86.ActiveCfg = Debug|Any CPU
		{6522BABD-3C5E-4204-BAE2-5CBEE501CE44}.Debug|x86.Build.0 = Debug|Any CPU
		{6522BABD-3C5E-4204-BAE2-5CBEE501CE44}.Release|Any CPU.ActiveCfg = Release|Any CPU
		{6522BABD-3C5E-4204-BAE2-5CBEE501CE44}.Release|Any CPU.Build.0 = Release|Any CPU
		{6522BABD-3C5E-4204-BAE2-5CBEE501CE44}.Release|x86.ActiveCfg = Release|Any CPU
		{6522BABD-3C5E-4204-BAE2-5CBEE501CE44}.Release|x86.Build.0 = Release|Any CPU
		{E94B0F08-1292-4CD4-8573-623F1B690A1F}.Debug|Any CPU.ActiveCfg = Debug|Any CPU
		{E94B0F08-1292-4CD4-8573-623F1B690A1F}.Debug|Any CPU.Build.0 = Debug|Any CPU
		{E94B0F08-1292-4CD4-8573-623F1B690A1F}.Debug|x86.ActiveCfg = Debug|Any CPU
		{E94B0F08-1292-4CD4-8573-623F1B690A1F}.Debug|x86.Build.0 = Debug|Any CPU
		{E94B0F08-1292-4CD4-8573-623F1B690A1F}.Release|Any CPU.ActiveCfg = Release|Any CPU
		{E94B0F08-1292-4CD4-8573-623F1B690A1F}.Release|Any CPU.Build.0 = Release|Any CPU
		{E94B0F08-1292-4CD4-8573-623F1B690A1F}.Release|x86.ActiveCfg = Release|Any CPU
		{E94B0F08-1292-4CD4-8573-623F1B690A1F}.Release|x86.Build.0 = Release|Any CPU
		{CA4B4216-2BC7-4469-BD26-B7466E172DB7}.Debug|Any CPU.ActiveCfg = Debug|Any CPU
		{CA4B4216-2BC7-4469-BD26-B7466E172DB7}.Debug|Any CPU.Build.0 = Debug|Any CPU
		{CA4B4216-2BC7-4469-BD26-B7466E172DB7}.Debug|x86.ActiveCfg = Debug|Any CPU
		{CA4B4216-2BC7-4469-BD26-B7466E172DB7}.Debug|x86.Build.0 = Debug|Any CPU
		{CA4B4216-2BC7-4469-BD26-B7466E172DB7}.Release|Any CPU.ActiveCfg = Release|Any CPU
		{CA4B4216-2BC7-4469-BD26-B7466E172DB7}.Release|Any CPU.Build.0 = Release|Any CPU
		{CA4B4216-2BC7-4469-BD26-B7466E172DB7}.Release|x86.ActiveCfg = Release|Any CPU
		{CA4B4216-2BC7-4469-BD26-B7466E172DB7}.Release|x86.Build.0 = Release|Any CPU
		{D5EEB9FF-631E-4715-9488-F794B10D0AAE}.Debug|Any CPU.ActiveCfg = Debug|Any CPU
		{D5EEB9FF-631E-4715-9488-F794B10D0AAE}.Debug|Any CPU.Build.0 = Debug|Any CPU
		{D5EEB9FF-631E-4715-9488-F794B10D0AAE}.Debug|x86.ActiveCfg = Debug|Any CPU
		{D5EEB9FF-631E-4715-9488-F794B10D0AAE}.Debug|x86.Build.0 = Debug|Any CPU
		{D5EEB9FF-631E-4715-9488-F794B10D0AAE}.Release|Any CPU.ActiveCfg = Release|Any CPU
		{D5EEB9FF-631E-4715-9488-F794B10D0AAE}.Release|Any CPU.Build.0 = Release|Any CPU
		{D5EEB9FF-631E-4715-9488-F794B10D0AAE}.Release|x86.ActiveCfg = Release|Any CPU
		{D5EEB9FF-631E-4715-9488-F794B10D0AAE}.Release|x86.Build.0 = Release|Any CPU
		{DB891C9B-9109-42FF-9F8C-F1AEE9AC5EBB}.Debug|Any CPU.ActiveCfg = Debug|Any CPU
		{DB891C9B-9109-42FF-9F8C-F1AEE9AC5EBB}.Debug|Any CPU.Build.0 = Debug|Any CPU
		{DB891C9B-9109-42FF-9F8C-F1AEE9AC5EBB}.Debug|x86.ActiveCfg = Debug|Any CPU
		{DB891C9B-9109-42FF-9F8C-F1AEE9AC5EBB}.Debug|x86.Build.0 = Debug|Any CPU
		{DB891C9B-9109-42FF-9F8C-F1AEE9AC5EBB}.Release|Any CPU.ActiveCfg = Release|Any CPU
		{DB891C9B-9109-42FF-9F8C-F1AEE9AC5EBB}.Release|Any CPU.Build.0 = Release|Any CPU
		{DB891C9B-9109-42FF-9F8C-F1AEE9AC5EBB}.Release|x86.ActiveCfg = Release|Any CPU
		{DB891C9B-9109-42FF-9F8C-F1AEE9AC5EBB}.Release|x86.Build.0 = Release|Any CPU
		{BA832B3C-F31F-496B-ACF9-6994CC884021}.Debug|Any CPU.ActiveCfg = Debug|Any CPU
		{BA832B3C-F31F-496B-ACF9-6994CC884021}.Debug|Any CPU.Build.0 = Debug|Any CPU
		{BA832B3C-F31F-496B-ACF9-6994CC884021}.Debug|x86.ActiveCfg = Debug|Any CPU
		{BA832B3C-F31F-496B-ACF9-6994CC884021}.Debug|x86.Build.0 = Debug|Any CPU
		{BA832B3C-F31F-496B-ACF9-6994CC884021}.Release|Any CPU.ActiveCfg = Release|Any CPU
		{BA832B3C-F31F-496B-ACF9-6994CC884021}.Release|Any CPU.Build.0 = Release|Any CPU
		{BA832B3C-F31F-496B-ACF9-6994CC884021}.Release|x86.ActiveCfg = Release|Any CPU
		{BA832B3C-F31F-496B-ACF9-6994CC884021}.Release|x86.Build.0 = Release|Any CPU
		{F46BE8DE-7918-48AF-B19F-4D33A4FD6D79}.Debug|Any CPU.ActiveCfg = Debug|Any CPU
		{F46BE8DE-7918-48AF-B19F-4D33A4FD6D79}.Debug|Any CPU.Build.0 = Debug|Any CPU
		{F46BE8DE-7918-48AF-B19F-4D33A4FD6D79}.Debug|x86.ActiveCfg = Debug|Any CPU
		{F46BE8DE-7918-48AF-B19F-4D33A4FD6D79}.Debug|x86.Build.0 = Debug|Any CPU
		{F46BE8DE-7918-48AF-B19F-4D33A4FD6D79}.Release|Any CPU.ActiveCfg = Release|Any CPU
		{F46BE8DE-7918-48AF-B19F-4D33A4FD6D79}.Release|Any CPU.Build.0 = Release|Any CPU
		{F46BE8DE-7918-48AF-B19F-4D33A4FD6D79}.Release|x86.ActiveCfg = Release|Any CPU
		{F46BE8DE-7918-48AF-B19F-4D33A4FD6D79}.Release|x86.Build.0 = Release|Any CPU
		{7A94252C-7FC4-465D-92FA-1282BF322E15}.Debug|Any CPU.ActiveCfg = Debug|Any CPU
		{7A94252C-7FC4-465D-92FA-1282BF322E15}.Debug|Any CPU.Build.0 = Debug|Any CPU
		{7A94252C-7FC4-465D-92FA-1282BF322E15}.Debug|x86.ActiveCfg = Debug|Any CPU
		{7A94252C-7FC4-465D-92FA-1282BF322E15}.Debug|x86.Build.0 = Debug|Any CPU
		{7A94252C-7FC4-465D-92FA-1282BF322E15}.Release|Any CPU.ActiveCfg = Release|Any CPU
		{7A94252C-7FC4-465D-92FA-1282BF322E15}.Release|Any CPU.Build.0 = Release|Any CPU
		{7A94252C-7FC4-465D-92FA-1282BF322E15}.Release|x86.ActiveCfg = Release|Any CPU
		{7A94252C-7FC4-465D-92FA-1282BF322E15}.Release|x86.Build.0 = Release|Any CPU
		{2B96C6AA-30DE-4FA6-A3A2-D359667FE476}.Debug|Any CPU.ActiveCfg = Debug|Any CPU
		{2B96C6AA-30DE-4FA6-A3A2-D359667FE476}.Debug|Any CPU.Build.0 = Debug|Any CPU
		{2B96C6AA-30DE-4FA6-A3A2-D359667FE476}.Debug|x86.ActiveCfg = Debug|Any CPU
		{2B96C6AA-30DE-4FA6-A3A2-D359667FE476}.Debug|x86.Build.0 = Debug|Any CPU
		{2B96C6AA-30DE-4FA6-A3A2-D359667FE476}.Release|Any CPU.ActiveCfg = Release|Any CPU
		{2B96C6AA-30DE-4FA6-A3A2-D359667FE476}.Release|Any CPU.Build.0 = Release|Any CPU
		{2B96C6AA-30DE-4FA6-A3A2-D359667FE476}.Release|x86.ActiveCfg = Release|Any CPU
		{2B96C6AA-30DE-4FA6-A3A2-D359667FE476}.Release|x86.Build.0 = Release|Any CPU
		{FA91189A-71C7-4DA3-B653-DB4668E6908B}.Debug|Any CPU.ActiveCfg = Debug|Any CPU
		{FA91189A-71C7-4DA3-B653-DB4668E6908B}.Debug|Any CPU.Build.0 = Debug|Any CPU
		{FA91189A-71C7-4DA3-B653-DB4668E6908B}.Debug|x86.ActiveCfg = Debug|Any CPU
		{FA91189A-71C7-4DA3-B653-DB4668E6908B}.Debug|x86.Build.0 = Debug|Any CPU
		{FA91189A-71C7-4DA3-B653-DB4668E6908B}.Release|Any CPU.ActiveCfg = Release|Any CPU
		{FA91189A-71C7-4DA3-B653-DB4668E6908B}.Release|Any CPU.Build.0 = Release|Any CPU
		{FA91189A-71C7-4DA3-B653-DB4668E6908B}.Release|x86.ActiveCfg = Release|Any CPU
		{FA91189A-71C7-4DA3-B653-DB4668E6908B}.Release|x86.Build.0 = Release|Any CPU
		{294FF838-6826-4E05-AB49-A9D0A9FD57A4}.Debug|Any CPU.ActiveCfg = Debug|Any CPU
		{294FF838-6826-4E05-AB49-A9D0A9FD57A4}.Debug|Any CPU.Build.0 = Debug|Any CPU
		{294FF838-6826-4E05-AB49-A9D0A9FD57A4}.Debug|x86.ActiveCfg = Debug|Any CPU
		{294FF838-6826-4E05-AB49-A9D0A9FD57A4}.Debug|x86.Build.0 = Debug|Any CPU
		{294FF838-6826-4E05-AB49-A9D0A9FD57A4}.Release|Any CPU.ActiveCfg = Release|Any CPU
		{294FF838-6826-4E05-AB49-A9D0A9FD57A4}.Release|Any CPU.Build.0 = Release|Any CPU
		{294FF838-6826-4E05-AB49-A9D0A9FD57A4}.Release|x86.ActiveCfg = Release|Any CPU
		{294FF838-6826-4E05-AB49-A9D0A9FD57A4}.Release|x86.Build.0 = Release|Any CPU
	EndGlobalSection
	GlobalSection(SolutionProperties) = preSolution
		HideSolutionNode = FALSE
	EndGlobalSection
	GlobalSection(NestedProjects) = preSolution
		{45F34329-B230-4000-B262-C473D125C89D} = {1D8DD905-02D0-4DD2-9522-ED493816E6BB}
		{0EEE6E64-5AED-489C-9799-C92841CF4964} = {1D8DD905-02D0-4DD2-9522-ED493816E6BB}
		{6522BABD-3C5E-4204-BAE2-5CBEE501CE44} = {45F34329-B230-4000-B262-C473D125C89D}
		{E94B0F08-1292-4CD4-8573-623F1B690A1F} = {0EEE6E64-5AED-489C-9799-C92841CF4964}
		{E0B20CA4-2A42-47DA-A3D0-800F675D5D74} = {4A92CABE-A2B4-46D7-9FB6-A8BB0D4C86FB}
		{F9D99581-A5E9-4A2A-AEF1-2AAFFB9B35FC} = {CB2F6E6F-8100-4A46-B769-201A7782606C}
		{E1496F42-AC61-4371-AABF-B92BC6355A4C} = {CB2F6E6F-8100-4A46-B769-201A7782606C}
		{CDD79E32-D89C-4969-AED7-AD2702FB1CE3} = {4A92CABE-A2B4-46D7-9FB6-A8BB0D4C86FB}
		{CA4B4216-2BC7-4469-BD26-B7466E172DB7} = {CDD79E32-D89C-4969-AED7-AD2702FB1CE3}
		{D5EEB9FF-631E-4715-9488-F794B10D0AAE} = {E0B20CA4-2A42-47DA-A3D0-800F675D5D74}
		{3BC4B468-8DE3-4B90-AF15-AD072C5A28D1} = {849A370D-FCB3-4897-B004-1FC6C2F1E7EB}
		{DB891C9B-9109-42FF-9F8C-F1AEE9AC5EBB} = {E1496F42-AC61-4371-AABF-B92BC6355A4C}
		{BA832B3C-F31F-496B-ACF9-6994CC884021} = {F9D99581-A5E9-4A2A-AEF1-2AAFFB9B35FC}
		{F46BE8DE-7918-48AF-B19F-4D33A4FD6D79} = {3BC4B468-8DE3-4B90-AF15-AD072C5A28D1}
		{7A94252C-7FC4-465D-92FA-1282BF322E15} = {DC71E06A-F46E-4005-8C67-145D6D412A84}
		{DC71E06A-F46E-4005-8C67-145D6D412A84} = {D8C43E57-8FB0-4808-86F4-FAFD7E561E10}
		{FE81E1E2-7E7F-46F5-B841-8A5CEA07DFF3} = {849A370D-FCB3-4897-B004-1FC6C2F1E7EB}
		{2B96C6AA-30DE-4FA6-A3A2-D359667FE476} = {FE81E1E2-7E7F-46F5-B841-8A5CEA07DFF3}
		{FA91189A-71C7-4DA3-B653-DB4668E6908B} = {CDD79E32-D89C-4969-AED7-AD2702FB1CE3}
	EndGlobalSection
	GlobalSection(ExtensibilityGlobals) = postSolution
		SolutionGuid = {28A7D0D5-62EC-475D-BE30-D46B46D8242F}
	EndGlobalSection
	GlobalSection(MonoDevelopProperties) = preSolution
		Policies = $0
		$0.TextStylePolicy = $1
		$1.inheritsSet = null
		$1.scope = text/x-csharp
		$0.CSharpFormattingPolicy = $2
		$2.IndentSwitchBody = True
		$2.AnonymousMethodBraceStyle = NextLine
		$2.PropertyBraceStyle = NextLine
		$2.PropertyGetBraceStyle = NextLine
		$2.PropertySetBraceStyle = NextLine
		$2.EventBraceStyle = NextLine
		$2.EventAddBraceStyle = NextLine
		$2.EventRemoveBraceStyle = NextLine
		$2.StatementBraceStyle = NextLine
		$2.ElseNewLinePlacement = NewLine
		$2.CatchNewLinePlacement = NewLine
		$2.FinallyNewLinePlacement = NewLine
		$2.WhileNewLinePlacement = NewLine
		$2.BeforeMethodDeclarationParentheses = False
		$2.BeforeMethodCallParentheses = False
		$2.BetweenEmptyMethodCallParentheses = True
		$2.BeforeDelegateDeclarationParentheses = False
		$2.BetweenEmptyDelegateDeclarationParentheses = True
		$2.AfterDelegateDeclarationParameterComma = True
		$2.NewParentheses = False
		$2.AroundMultiplicativeOperatorParentheses = False
		$2.SpaceAroundUnsafeArrowOperator = True
		$2.BeforeSizeOfParentheses = True
		$2.BetweenEmptyNewParentheses = True
		$2.BeforeTypeOfParentheses = True
		$2.SpacesBeforeBrackets = False
		$2.SpacesAfterTypecast = True
		$2.BlankLinesAfterUsings = 2
		$2.BlankLinesInsideRegion = 0
		$2.AlignToFirstMethodCallArgument = True
		$2.inheritsSet = Mono
		$2.inheritsScope = text/x-csharp
		$2.scope = text/x-csharp
	EndGlobalSection
EndGlobal
